{
  "requires": true,
  "lockfileVersion": 1,
  "dependencies": {
    "@babel/runtime": {
      "version": "7.12.5",
      "resolved": "https://registry.npmjs.org/@babel/runtime/-/runtime-7.12.5.tgz",
      "integrity": "sha512-plcc+hbExy3McchJCEQG3knOsuh3HH+Prx1P6cLIkET/0dLuQDEnrT+s27Axgc9bqfsmNUNHfscgMUdBpC9xfg==",
      "dev": true,
      "requires": {
        "regenerator-runtime": "^0.13.4"
      }
    },
    "@types/node": {
      "version": "8.10.66",
      "resolved": "https://registry.npmjs.org/@types/node/-/node-8.10.66.tgz",
      "integrity": "sha512-tktOkFUA4kXx2hhhrB8bIFb5TbwzS4uOhKEmwiD+NoiL0qtP2OQ9mFldbgD4dV1djrlBYP6eBuQZiWjuHUpqFw==",
      "dev": true
    },
    "@types/text-encoding": {
      "version": "0.0.32",
      "resolved": "https://registry.npmjs.org/@types/text-encoding/-/text-encoding-0.0.32.tgz",
      "integrity": "sha512-kQ79aFmYcD/DR3QKo6wXyvNrKi7PunY0KYTBUhHjHl0SXwWuLRl9Leh73YtnsSJMBi9qSiK+fxWhdJNQPbhc9A==",
      "dev": true
    },
    "@types/webassembly-js-api": {
      "version": "0.0.1",
      "resolved": "https://registry.npmjs.org/@types/webassembly-js-api/-/webassembly-js-api-0.0.1.tgz",
      "integrity": "sha1-YtULIBB319TMEJuxytoi/f1FI/s=",
      "dev": true
    },
    "kaffeerost": {
      "version": "0.0.1",
      "resolved": "https://registry.npmjs.org/kaffeerost/-/kaffeerost-0.0.1.tgz",
      "integrity": "sha512-a2gT79ojaioNQlo/NYHVbQml5XQLUcy+377qw/N0Ga6xTI5MPbaNoufUgvV/95zUMLfgsxI9VweESaESQqCUgA==",
      "dev": true,
      "requires": {
        "@types/node": "^8.0.53",
        "@types/text-encoding": "0.0.32",
        "@types/webassembly-js-api": "0.0.1",
        "text-encoding": "^0.6.4"
      }
    },
    "lunr": {
      "version": "2.3.9",
      "resolved": "https://registry.npmjs.org/lunr/-/lunr-2.3.9.tgz",
      "integrity": "sha512-zTU3DaZaF3Rt9rhN3uBMGQD3dD2/vFQqnvZCDv4dl5iOzq2IZQqTxu90r4E5J+nP70J3ilqVCrbho2eWaeW8Ow=="
    },
    "regenerator-runtime": {
      "version": "0.13.7",
      "resolved": "https://registry.npmjs.org/regenerator-runtime/-/regenerator-runtime-0.13.7.tgz",
      "integrity": "sha512-a54FxoJDIr27pgf7IgeQGxmqUNYrcV338lf/6gH456HZ/PhX+5BcwHXG9ajESmwe6WRO0tAzRUrRmNONWgkrew==",
      "dev": true
    },
    "text-encoding": {
      "version": "0.6.4",
      "resolved": "https://registry.npmjs.org/text-encoding/-/text-encoding-0.6.4.tgz",
      "integrity": "sha1-45mpgiV6J22uQou5KEXLcb3CbRk=",
      "dev": true
    },
    "wasm-brotli": {
      "version": "2.0.2",
      "resolved": "https://registry.npmjs.org/wasm-brotli/-/wasm-brotli-2.0.2.tgz",
      "integrity": "sha512-DgjRlpZz9z5br4TjQHSlDHRF9NIuGXHUj3AqO08koDCXz7EYzmPDb7T/6oar5UKLYgPp9Yxc2ImGpx4BMFwbNQ==",
      "dev": true
    },
    "wasm-zopfli": {
      "version": "1.0.2",
      "resolved": "https://registry.npmjs.org/wasm-zopfli/-/wasm-zopfli-1.0.2.tgz",
      "integrity": "sha512-MId309CgOarebGblNuTJX65K75mmDdizZbqPlfoemSPvH05UTQ5ig+aFm3MKUBYZ/oYFuGIGxrdVC6qRECK3DA==",
      "dev": true,
      "requires": {
        "@babel/runtime": "^7.0.0-beta.35",
        "kaffeerost": "0.0.1"
      }
    }
  }
}
